<?xml version="1.0" encoding="utf-8"?>
<Project ToolsVersion="4.0" xmlns="http://schemas.microsoft.com/developer/msbuild/2003">
  <ItemGroup>
    <Filter Include="Source">
      <UniqueIdentifier>{4FC737F1-C7A5-4376-A066-2A32D752A2FF}</UniqueIdentifier>
      <Extensions>cpp;c;cc;cxx;c++;cppm;ixx;def;odl;idl;hpj;bat;asm;asmx</Extensions>
    </Filter>
    <Filter Include="Source\Graphics">
      <UniqueIdentifier>{408120d2-e08a-47dc-9f45-e1940a031b68}</UniqueIdentifier>
    </Filter>
    <Filter Include="Source\ImGui">
      <UniqueIdentifier>{f5ae23c4-7007-4dfe-a563-9b858a105780}</UniqueIdentifier>
    </Filter>
    <Filter Include="Source\App">
      <UniqueIdentifier>{6046ee8b-a975-4281-9722-2c5348eb8e9a}</UniqueIdentifier>
    </Filter>
    <Filter Include="Source\Core">
      <UniqueIdentifier>{24535162-fc17-4c76-8802-f2e6bd579cdc}</UniqueIdentifier>
    </Filter>
    <Filter Include="Shader">
      <UniqueIdentifier>{256aee4d-a107-4aa5-95ed-bcf43d3eed45}</UniqueIdentifier>
    </Filter>
    <Filter Include="Include">
      <UniqueIdentifier>{93995380-89BD-4b04-88EB-625FBE52EBFB}</UniqueIdentifier>
      <Extensions>h;hh;hpp;hxx;h++;hm;inl;inc;ipp;xsd</Extensions>
    </Filter>
    <Filter Include="Include\Graphics">
      <UniqueIdentifier>{54979f6f-596a-4740-aae4-a10b201ee1d4}</UniqueIdentifier>
    </Filter>
    <Filter Include="Include\ImGui">
      <UniqueIdentifier>{9a28578a-7d68-4055-8a9a-334b66bee167}</UniqueIdentifier>
    </Filter>
    <Filter Include="Include\Core">
      <UniqueIdentifier>{dcccfdb5-7c2f-4fc2-9625-91fe40c669ff}</UniqueIdentifier>
    </Filter>
    <Filter Include="Include\Math">
      <UniqueIdentifier>{f9b842af-17ea-4c57-84a2-1e6e6397ab0f}</UniqueIdentifier>
    </Filter>
    <Filter Include="Include\Scene">
      <UniqueIdentifier>{b8f9b00d-ddb4-4460-a9be-e4af010a26c7}</UniqueIdentifier>
    </Filter>
    <Filter Include="Source\Scene">
      <UniqueIdentifier>{483fc31a-9852-40a0-aa41-0a87c3f3caf2}</UniqueIdentifier>
    </Filter>
  </ItemGroup>
  <ItemGroup>
    <ClCompile Include="Externals\imgui\imgui.cpp">
      <Filter>Source\ImGui</Filter>
    </ClCompile>
    <ClCompile Include="Externals\imgui\imgui_demo.cpp">
      <Filter>Source\ImGui</Filter>
    </ClCompile>
    <ClCompile Include="Externals\imgui\imgui_draw.cpp">
      <Filter>Source\ImGui</Filter>
    </ClCompile>
    <ClCompile Include="Externals\imgui\imgui_impl_dx12.cpp">
      <Filter>Source\ImGui</Filter>
    </ClCompile>
    <ClCompile Include="Externals\imgui\imgui_impl_win32.cpp">
      <Filter>Source\ImGui</Filter>
    </ClCompile>
    <ClCompile Include="Externals\imgui\imgui_tables.cpp">
      <Filter>Source\ImGui</Filter>
    </ClCompile>
    <ClCompile Include="Externals\imgui\imgui_widgets.cpp">
      <Filter>Source\ImGui</Filter>
    </ClCompile>
    <ClCompile Include="TaroEngine\Graphics\DirectXCommon.cpp">
      <Filter>Source\Graphics</Filter>
    </ClCompile>
    <ClCompile Include="TaroEngine\Graphics\D3DResourceLeakChecker.cpp">
      <Filter>Source\Graphics</Filter>
    </ClCompile>
    <ClCompile Include="TaroEngine\App\main.cpp">
      <Filter>Source\App</Filter>
    </ClCompile>
    <ClCompile Include="TaroEngine\Core\Input.cpp">
      <Filter>Source\Core</Filter>
    </ClCompile>
    <ClCompile Include="TaroEngine\Core\WinApp.cpp">
      <Filter>Source\Core</Filter>
    </ClCompile>
    <ClCompile Include="TaroEngine\Graphics\SpriteCommon.cpp">
      <Filter>Source\Graphics</Filter>
    </ClCompile>
    <ClCompile Include="TaroEngine\Graphics\Sprite.cpp">
      <Filter>Source\Graphics</Filter>
    </ClCompile>
    <ClCompile Include="TaroEngine\Graphics\ShaderCompiler.cpp">
      <Filter>Source\Graphics</Filter>
    </ClCompile>
    <ClCompile Include="TaroEngine\Scene\GameScene.cpp">
      <Filter>Source\Scene</Filter>
    </ClCompile>
    <ClCompile Include="TaroEngine\Scene\SceneManager.cpp">
      <Filter>Source\Scene</Filter>
    </ClCompile>
    <ClCompile Include="TaroEngine\Graphics\Camera.cpp">
      <Filter>Source\Graphics</Filter>
    </ClCompile>
  </ItemGroup>
  <ItemGroup>
    <ClInclude Include="Externals\imgui\imconfig.h">
      <Filter>Include\ImGui</Filter>
    </ClInclude>
    <ClInclude Include="Externals\imgui\imgui.h">
      <Filter>Include\ImGui</Filter>
    </ClInclude>
    <ClInclude Include="Externals\imgui\imgui_impl_dx12.h">
      <Filter>Include\ImGui</Filter>
    </ClInclude>
    <ClInclude Include="Externals\imgui\imgui_impl_win32.h">
      <Filter>Include\ImGui</Filter>
    </ClInclude>
    <ClInclude Include="Externals\imgui\imgui_internal.h">
      <Filter>Include\ImGui</Filter>
    </ClInclude>
    <ClInclude Include="Externals\imgui\imstb_rectpack.h">
      <Filter>Include\ImGui</Filter>
    </ClInclude>
    <ClInclude Include="Externals\imgui\imstb_textedit.h">
      <Filter>Include\ImGui</Filter>
    </ClInclude>
    <ClInclude Include="Externals\imgui\imstb_truetype.h">
      <Filter>Include\ImGui</Filter>
    </ClInclude>
    <ClInclude Include="TaroEngine\Graphics\DirectXCommon.h">
      <Filter>Include\Graphics</Filter>
    </ClInclude>
    <ClInclude Include="TaroEngine\Graphics\D3DResourceLeakChecker.h">
      <Filter>Include\Graphics</Filter>
    </ClInclude>
    <ClInclude Include="TaroEngine\Core\Input.h">
      <Filter>Include\Core</Filter>
    </ClInclude>
    <ClInclude Include="TaroEngine\Core\WinApp.h">
      <Filter>Include\Core</Filter>
    </ClInclude>
    <ClInclude Include="TaroEngine\Graphics\Sprite.h">
      <Filter>Include\Graphics</Filter>
    </ClInclude>
    <ClInclude Include="TaroEngine\Graphics\SpriteCommon.h">
      <Filter>Include\Graphics</Filter>
    </ClInclude>
    <ClInclude Include="TaroEngine\Math\Matrix4x4.h">
      <Filter>Include\Math</Filter>
    </ClInclude>
    <ClInclude Include="TaroEngine\Math\Vector2.h">
      <Filter>Include\Math</Filter>
    </ClInclude>
    <ClInclude Include="TaroEngine\Math\Vector3.h">
      <Filter>Include\Math</Filter>
    </ClInclude>
    <ClInclude Include="TaroEngine\Math\Vector4.h">
      <Filter>Include\Math</Filter>
    </ClInclude>
    <ClInclude Include="TaroEngine\Graphics\Material.h">
      <Filter>Include\Graphics</Filter>
    </ClInclude>
    <ClInclude Include="TaroEngine\Graphics\TransformMatrix.h">
      <Filter>Include\Graphics</Filter>
    </ClInclude>
    <ClInclude Include="TaroEngine\Graphics\VertexData.h">
      <Filter>Include\Graphics</Filter>
    </ClInclude>
    <ClInclude Include="TaroEngine\Math\MatrixUtil.h">
      <Filter>Include\Math</Filter>
    </ClInclude>
    <ClInclude Include="TaroEngine\Graphics\ShaderCompiler.h">
      <Filter>Include\Graphics</Filter>
    </ClInclude>
    <ClInclude Include="TaroEngine\Graphics\BufferUtil.h">
      <Filter>Include\Graphics</Filter>
    </ClInclude>
    <ClInclude Include="TaroEngine\Core\EngineContext.h">
      <Filter>Include\Core</Filter>
    </ClInclude>
    <ClInclude Include="TaroEngine\Scene\GameScene.h">
      <Filter>Include\Scene</Filter>
    </ClInclude>
    <ClInclude Include="TaroEngine\Scene\IScene.h">
      <Filter>Include\Scene</Filter>
    </ClInclude>
    <ClInclude Include="TaroEngine\Scene\SceneManager.h">
      <Filter>Include\Scene</Filter>
    </ClInclude>
    <ClInclude Include="TaroEngine\Graphics\Camera.h">
      <Filter>Include\Graphics</Filter>
    </ClInclude>
  </ItemGroup>
  <ItemGroup>
    <FxCompile Include="Resources\Shaders\SpriteVS.hlsl">
      <Filter>Shader</Filter>
    </FxCompile>
    <FxCompile Include="Resources\Shaders\SpritePS.hlsl">
      <Filter>Shader</Filter>
    </FxCompile>
  </ItemGroup>
</Project>