<?xml version="1.0" encoding="utf-8"?>
<Project ToolsVersion="4.0" xmlns="http://schemas.microsoft.com/developer/msbuild/2003">
  <ItemGroup>
    <Filter Include="Shader">
      <UniqueIdentifier>{256aee4d-a107-4aa5-95ed-bcf43d3eed45}</UniqueIdentifier>
    </Filter>
    <Filter Include="Externals">
      <UniqueIdentifier>{4c09f61f-94aa-45af-865e-3e84d7d5d292}</UniqueIdentifier>
    </Filter>
    <Filter Include="Engine">
      <UniqueIdentifier>{83c3ef36-97fe-476a-b076-16911f2e7b48}</UniqueIdentifier>
    </Filter>
    <Filter Include="Engine\Input">
      <UniqueIdentifier>{8d3cc650-9393-4861-9766-5f350c69f304}</UniqueIdentifier>
    </Filter>
    <Filter Include="Engine\Core">
      <UniqueIdentifier>{40dc93ca-573f-4615-b8a3-83113f8c7d23}</UniqueIdentifier>
    </Filter>
    <Filter Include="Engine\Core\DirectX">
      <UniqueIdentifier>{811cae81-be11-4e43-bc3f-e6da599d3db9}</UniqueIdentifier>
    </Filter>
    <Filter Include="Engine\Core\WinApp">
      <UniqueIdentifier>{cec9d036-a598-4da7-a97b-a26aac41ed40}</UniqueIdentifier>
    </Filter>
    <Filter Include="Engine\Graphics">
      <UniqueIdentifier>{99d1758d-b1d1-4584-a719-3812b767a403}</UniqueIdentifier>
    </Filter>
    <Filter Include="Engine\Graphics\Shader">
      <UniqueIdentifier>{88debb6f-6bc8-4842-a711-494e556158d2}</UniqueIdentifier>
    </Filter>
    <Filter Include="Engine\Graphics\Sprite">
      <UniqueIdentifier>{9ab89995-aa48-47f4-8684-46e9b433bf0d}</UniqueIdentifier>
    </Filter>
    <Filter Include="Engine\Graphics\Texture">
      <UniqueIdentifier>{b209c0bf-a379-4576-8f59-66b1c2ba2878}</UniqueIdentifier>
    </Filter>
    <Filter Include="Externals\imgui">
      <UniqueIdentifier>{f5ae23c4-7007-4dfe-a563-9b858a105780}</UniqueIdentifier>
    </Filter>
    <Filter Include="Shader\Sprite">
      <UniqueIdentifier>{bec03735-bf66-4322-86d8-92600f200422}</UniqueIdentifier>
    </Filter>
    <Filter Include="Engine\Utils">
      <UniqueIdentifier>{fd962204-e763-4bf5-bcd1-f3cf1c801a84}</UniqueIdentifier>
    </Filter>
    <Filter Include="Engine\Utils\Logger">
      <UniqueIdentifier>{3cc6a470-c838-44df-a25b-48b478cf9080}</UniqueIdentifier>
    </Filter>
    <Filter Include="Engine\Utils\Time">
      <UniqueIdentifier>{2bb88a13-2570-45b3-9962-7da86d70a055}</UniqueIdentifier>
    </Filter>
  </ItemGroup>
  <ItemGroup>
    <ClCompile Include="Externals\imgui\imgui.cpp">
      <Filter>Externals\imgui</Filter>
    </ClCompile>
    <ClCompile Include="Externals\imgui\imgui_demo.cpp">
      <Filter>Externals\imgui</Filter>
    </ClCompile>
    <ClCompile Include="Externals\imgui\imgui_draw.cpp">
      <Filter>Externals\imgui</Filter>
    </ClCompile>
    <ClCompile Include="Externals\imgui\imgui_impl_dx12.cpp">
      <Filter>Externals\imgui</Filter>
    </ClCompile>
    <ClCompile Include="Externals\imgui\imgui_impl_win32.cpp">
      <Filter>Externals\imgui</Filter>
    </ClCompile>
    <ClCompile Include="Externals\imgui\imgui_tables.cpp">
      <Filter>Externals\imgui</Filter>
    </ClCompile>
    <ClCompile Include="Externals\imgui\imgui_widgets.cpp">
      <Filter>Externals\imgui</Filter>
    </ClCompile>
    <ClCompile Include="Engine\Core\DirectX\DirectXCommon.cpp">
      <Filter>Engine\Core\DirectX</Filter>
    </ClCompile>
    <ClCompile Include="Engine\Input\Input.cpp">
      <Filter>Engine\Input</Filter>
    </ClCompile>
    <ClCompile Include="Engine\Graphics\Shader\ShaderCompiler.cpp">
      <Filter>Engine\Graphics\Shader</Filter>
    </ClCompile>
    <ClCompile Include="Engine\Graphics\Sprite\SpriteRenderer.cpp">
      <Filter>Engine\Graphics\Sprite</Filter>
    </ClCompile>
    <ClCompile Include="Engine\Graphics\Texture\TextureManager.cpp">
      <Filter>Engine\Graphics\Texture</Filter>
    </ClCompile>
    <ClCompile Include="Engine\Core\WinApp\WinApp.cpp">
      <Filter>Engine\Core\WinApp</Filter>
    </ClCompile>
    <ClCompile Include="main.cpp" />
    <ClCompile Include="Engine\Utils\Logger\FileLogger.cpp">
      <Filter>Engine\Utils\Logger</Filter>
    </ClCompile>
    <ClCompile Include="Engine\Utils\Logger\ConsoleLogger.cpp">
      <Filter>Engine\Utils\Logger</Filter>
    </ClCompile>
    <ClCompile Include="Engine\Utils\Logger\LoggerManager.cpp">
      <Filter>Engine\Utils\Logger</Filter>
    </ClCompile>
  </ItemGroup>
  <ItemGroup>
    <ClInclude Include="Externals\imgui\imconfig.h">
      <Filter>Externals\imgui</Filter>
    </ClInclude>
    <ClInclude Include="Externals\imgui\imgui.h">
      <Filter>Externals\imgui</Filter>
    </ClInclude>
    <ClInclude Include="Externals\imgui\imgui_impl_dx12.h">
      <Filter>Externals\imgui</Filter>
    </ClInclude>
    <ClInclude Include="Externals\imgui\imgui_impl_win32.h">
      <Filter>Externals\imgui</Filter>
    </ClInclude>
    <ClInclude Include="Externals\imgui\imgui_internal.h">
      <Filter>Externals\imgui</Filter>
    </ClInclude>
    <ClInclude Include="Externals\imgui\imstb_rectpack.h">
      <Filter>Externals\imgui</Filter>
    </ClInclude>
    <ClInclude Include="Externals\imgui\imstb_textedit.h">
      <Filter>Externals\imgui</Filter>
    </ClInclude>
    <ClInclude Include="Externals\imgui\imstb_truetype.h">
      <Filter>Externals\imgui</Filter>
    </ClInclude>
    <ClInclude Include="Engine\Core\DirectX\DirectXCommon.h">
      <Filter>Engine\Core\DirectX</Filter>
    </ClInclude>
    <ClInclude Include="Engine\Core\WinApp\WinApp.h">
      <Filter>Engine\Core\WinApp</Filter>
    </ClInclude>
    <ClInclude Include="Engine\Graphics\Shader\ShaderCompiler.h">
      <Filter>Engine\Graphics\Shader</Filter>
    </ClInclude>
    <ClInclude Include="Engine\Graphics\Sprite\SpriteRenderer.h">
      <Filter>Engine\Graphics\Sprite</Filter>
    </ClInclude>
    <ClInclude Include="Engine\Graphics\Texture\TextureManager.h">
      <Filter>Engine\Graphics\Texture</Filter>
    </ClInclude>
    <ClInclude Include="Engine\Input\Input.h">
      <Filter>Engine\Input</Filter>
    </ClInclude>
    <ClInclude Include="Engine\Utils\Logger\FileLogger.h">
      <Filter>Engine\Utils\Logger</Filter>
    </ClInclude>
    <ClInclude Include="Engine\Utils\Logger\ILogger.h">
      <Filter>Engine\Utils\Logger</Filter>
    </ClInclude>
    <ClInclude Include="Engine\Utils\Logger\LogLevel.h">
      <Filter>Engine\Utils\Logger</Filter>
    </ClInclude>
    <ClInclude Include="Engine\Utils\Time\TimeUtils.h">
      <Filter>Engine\Utils\Time</Filter>
    </ClInclude>
    <ClInclude Include="Engine\Utils\Logger\ConsoleLogger.h">
      <Filter>Engine\Utils\Logger</Filter>
    </ClInclude>
    <ClInclude Include="Engine\Utils\Logger\LogFormatter.h" />
    <ClInclude Include="Engine\Utils\Logger\LoggerManager.h">
      <Filter>Engine\Utils\Logger</Filter>
    </ClInclude>
  </ItemGroup>
  <ItemGroup>
    <FxCompile Include="Resources\Shaders\Sprite\Sprite.PS.hlsl">
      <Filter>Shader\Sprite</Filter>
    </FxCompile>
    <FxCompile Include="Resources\Shaders\Sprite\Sprite.VS.hlsl">
      <Filter>Shader\Sprite</Filter>
    </FxCompile>
  </ItemGroup>
  <ItemGroup>
    <None Include="Resources\Shaders\Sprite\Sprite.hlsli">
      <Filter>Shader\Sprite</Filter>
    </None>
  </ItemGroup>
</Project>